
Microsoft Visual Studio Solution File, Format Version 12.00
Project("{FAE04EC0-301F-11D3-BF4B-00C04F79EFBC}") = "J2735.201603", "Econolite.J2735_201603\J2735.201603.csproj", "{A5AB08CB-5A3E-4879-9A9B-EE6FAB34D884}"
EndProject
Project("{FAE04EC0-301F-11D3-BF4B-00C04F79EFBC}") = "J2735.201603.Tests", "J2735.201603.Tests\J2735.201603.Tests.csproj", "{B2F225EB-AF84-48B6-8E1B-64C76EDE3C01}"
EndProject
Project("{FAE04EC0-301F-11D3-BF4B-00C04F79EFBC}") = "Asn1J2735", "Asn1J2735\Asn1J2735.csproj", "{80A4112E-E727-4621-899E-2D6AA4B18263}"
EndProject
Project("{FAE04EC0-301F-11D3-BF4B-00C04F79EFBC}") = "Asn1J2735.Tests", "Asn1J2735.Tests\Asn1J2735.Tests.csproj", "{E80E1ED2-85F0-4A16-872B-841E36FE1B56}"
EndProject
Project("{FAE04EC0-301F-11D3-BF4B-00C04F79EFBC}") = "Domain.Asn1.J2735", "Domain.Asn1.J2735\Domain.Asn1.J2735.csproj", "{7B31665B-E9A3-4057-995C-462F16C50C18}"
EndProject
Project("{FAE04EC0-301F-11D3-BF4B-00C04F79EFBC}") = "Domain.Asn1.J2735.Tests", "Domain.Asn1.J2735.Tests\Domain.Asn1.J2735.Tests.csproj", "{44E15913-66B1-4253-AFBD-9C8EE92128FD}"
EndProject
Global
	GlobalSection(SolutionConfigurationPlatforms) = preSolution
		Debug|Any CPU = Debug|Any CPU
		Release|Any CPU = Release|Any CPU
	EndGlobalSection
	GlobalSection(ProjectConfigurationPlatforms) = postSolution
		{A5AB08CB-5A3E-4879-9A9B-EE6FAB34D884}.Debug|Any CPU.ActiveCfg = Debug|Any CPU
		{A5AB08CB-5A3E-4879-9A9B-EE6FAB34D884}.Debug|Any CPU.Build.0 = Debug|Any CPU
		{A5AB08CB-5A3E-4879-9A9B-EE6FAB34D884}.Release|Any CPU.ActiveCfg = Release|Any CPU
		{A5AB08CB-5A3E-4879-9A9B-EE6FAB34D884}.Release|Any CPU.Build.0 = Release|Any CPU
		{B2F225EB-AF84-48B6-8E1B-64C76EDE3C01}.Debug|Any CPU.ActiveCfg = Debug|Any CPU
		{B2F225EB-AF84-48B6-8E1B-64C76EDE3C01}.Debug|Any CPU.Build.0 = Debug|Any CPU
		{B2F225EB-AF84-48B6-8E1B-64C76EDE3C01}.Release|Any CPU.ActiveCfg = Release|Any CPU
		{B2F225EB-AF84-48B6-8E1B-64C76EDE3C01}.Release|Any CPU.Build.0 = Release|Any CPU
		{80A4112E-E727-4621-899E-2D6AA4B18263}.Debug|Any CPU.ActiveCfg = Debug|Any CPU
		{80A4112E-E727-4621-899E-2D6AA4B18263}.Debug|Any CPU.Build.0 = Debug|Any CPU
		{80A4112E-E727-4621-899E-2D6AA4B18263}.Release|Any CPU.ActiveCfg = Release|Any CPU
		{80A4112E-E727-4621-899E-2D6AA4B18263}.Release|Any CPU.Build.0 = Release|Any CPU
		{E80E1ED2-85F0-4A16-872B-841E36FE1B56}.Debug|Any CPU.ActiveCfg = Debug|Any CPU
		{E80E1ED2-85F0-4A16-872B-841E36FE1B56}.Debug|Any CPU.Build.0 = Debug|Any CPU
		{E80E1ED2-85F0-4A16-872B-841E36FE1B56}.Release|Any CPU.ActiveCfg = Release|Any CPU
		{E80E1ED2-85F0-4A16-872B-841E36FE1B56}.Release|Any CPU.Build.0 = Release|Any CPU
		{7B31665B-E9A3-4057-995C-462F16C50C18}.Debug|Any CPU.ActiveCfg = Debug|Any CPU
		{7B31665B-E9A3-4057-995C-462F16C50C18}.Debug|Any CPU.Build.0 = Debug|Any CPU
		{7B31665B-E9A3-4057-995C-462F16C50C18}.Release|Any CPU.ActiveCfg = Release|Any CPU
		{7B31665B-E9A3-4057-995C-462F16C50C18}.Release|Any CPU.Build.0 = Release|Any CPU
		{44E15913-66B1-4253-AFBD-9C8EE92128FD}.Debug|Any CPU.ActiveCfg = Debug|Any CPU
		{44E15913-66B1-4253-AFBD-9C8EE92128FD}.Debug|Any CPU.Build.0 = Debug|Any CPU
		{44E15913-66B1-4253-AFBD-9C8EE92128FD}.Release|Any CPU.ActiveCfg = Release|Any CPU
		{44E15913-66B1-4253-AFBD-9C8EE92128FD}.Release|Any CPU.Build.0 = Release|Any CPU
	EndGlobalSection
EndGlobal
